// !$*UTF8*$!
{
	archiveVersion = 1;
	classes = {
	};
	objectVersion = 56;
	objects = {

/* Begin PBXBuildFile section */
		600ECBBD29EEF063008A2770 /* WalletView.swift in Sources */ = {isa = PBXBuildFile; fileRef = 600ECBBC29EEF063008A2770 /* WalletView.swift */; };
		600ECBBF29EEF275008A2770 /* ExpenseView.swift in Sources */ = {isa = PBXBuildFile; fileRef = 600ECBBE29EEF275008A2770 /* ExpenseView.swift */; };
		600F7E5929EEA1A800A52EA1 /* Colors.swift in Sources */ = {isa = PBXBuildFile; fileRef = 600F7E5829EEA1A800A52EA1 /* Colors.swift */; };
		600F7E5B29EEA33700A52EA1 /* CardView.swift in Sources */ = {isa = PBXBuildFile; fileRef = 600F7E5A29EEA33700A52EA1 /* CardView.swift */; };
		600F7E6229EEAEAE00A52EA1 /* ActionButtonsView.swift in Sources */ = {isa = PBXBuildFile; fileRef = 600F7E6129EEAEAE00A52EA1 /* ActionButtonsView.swift */; };
		600F7E6929EEB86800A52EA1 /* TransactionView.swift in Sources */ = {isa = PBXBuildFile; fileRef = 600F7E6829EEB86800A52EA1 /* TransactionView.swift */; };
		608CC82029ED33A900EDFCAF /* CashflowApp.swift in Sources */ = {isa = PBXBuildFile; fileRef = 608CC81F29ED33A900EDFCAF /* CashflowApp.swift */; };
		608CC82229ED33A900EDFCAF /* ContentView.swift in Sources */ = {isa = PBXBuildFile; fileRef = 608CC82129ED33A900EDFCAF /* ContentView.swift */; };
		608CC82429ED33AA00EDFCAF /* Assets.xcassets in Resources */ = {isa = PBXBuildFile; fileRef = 608CC82329ED33AA00EDFCAF /* Assets.xcassets */; };
		608CC82729ED33AA00EDFCAF /* Preview Assets.xcassets in Resources */ = {isa = PBXBuildFile; fileRef = 608CC82629ED33AA00EDFCAF /* Preview Assets.xcassets */; };
		608CC83429ED427D00EDFCAF /* HomeView.swift in Sources */ = {isa = PBXBuildFile; fileRef = 608CC83329ED427D00EDFCAF /* HomeView.swift */; };
		60B455B129F00F680068C720 /* SplashScreen.swift in Sources */ = {isa = PBXBuildFile; fileRef = 60B455B029F00F680068C720 /* SplashScreen.swift */; };
/* End PBXBuildFile section */

/* Begin PBXFileReference section */
		600ECBBC29EEF063008A2770 /* WalletView.swift */ = {isa = PBXFileReference; lastKnownFileType = sourcecode.swift; path = WalletView.swift; sourceTree = "<group>"; };
		600ECBBE29EEF275008A2770 /* ExpenseView.swift */ = {isa = PBXFileReference; lastKnownFileType = sourcecode.swift; path = ExpenseView.swift; sourceTree = "<group>"; };
		600F7E5829EEA1A800A52EA1 /* Colors.swift */ = {isa = PBXFileReference; lastKnownFileType = sourcecode.swift; path = Colors.swift; sourceTree = "<group>"; };
		600F7E5A29EEA33700A52EA1 /* CardView.swift */ = {isa = PBXFileReference; lastKnownFileType = sourcecode.swift; path = CardView.swift; sourceTree = "<group>"; };
		600F7E6129EEAEAE00A52EA1 /* ActionButtonsView.swift */ = {isa = PBXFileReference; lastKnownFileType = sourcecode.swift; path = ActionButtonsView.swift; sourceTree = "<group>"; };
		600F7E6829EEB86800A52EA1 /* TransactionView.swift */ = {isa = PBXFileReference; lastKnownFileType = sourcecode.swift; path = TransactionView.swift; sourceTree = "<group>"; };
		608CC81C29ED33A900EDFCAF /* Cashflow.app */ = {isa = PBXFileReference; explicitFileType = wrapper.application; includeInIndex = 0; path = Cashflow.app; sourceTree = BUILT_PRODUCTS_DIR; };
		608CC81F29ED33A900EDFCAF /* CashflowApp.swift */ = {isa = PBXFileReference; lastKnownFileType = sourcecode.swift; path = CashflowApp.swift; sourceTree = "<group>"; };
		608CC82129ED33A900EDFCAF /* ContentView.swift */ = {isa = PBXFileReference; lastKnownFileType = sourcecode.swift; path = ContentView.swift; sourceTree = "<group>"; };
		608CC82329ED33AA00EDFCAF /* Assets.xcassets */ = {isa = PBXFileReference; lastKnownFileType = folder.assetcatalog; path = Assets.xcassets; sourceTree = "<group>"; };
		608CC82629ED33AA00EDFCAF /* Preview Assets.xcassets */ = {isa = PBXFileReference; lastKnownFileType = folder.assetcatalog; path = "Preview Assets.xcassets"; sourceTree = "<group>"; };
		608CC83329ED427D00EDFCAF /* HomeView.swift */ = {isa = PBXFileReference; lastKnownFileType = sourcecode.swift; path = HomeView.swift; sourceTree = "<group>"; };
		60B455B029F00F680068C720 /* SplashScreen.swift */ = {isa = PBXFileReference; lastKnownFileType = sourcecode.swift; path = SplashScreen.swift; sourceTree = "<group>"; };
/* End PBXFileReference section */

/* Begin PBXFrameworksBuildPhase section */
		608CC81929ED33A900EDFCAF /* Frameworks */ = {
			isa = PBXFrameworksBuildPhase;
			buildActionMask = 2147483647;
			files = (
			);
			runOnlyForDeploymentPostprocessing = 0;
		};
/* End PBXFrameworksBuildPhase section */

/* Begin PBXGroup section */
		600ECBBB29EEF057008A2770 /* Wallet */ = {
			isa = PBXGroup;
			children = (
				600ECBBC29EEF063008A2770 /* WalletView.swift */,
				600ECBBE29EEF275008A2770 /* ExpenseView.swift */,
			);
			path = Wallet;
			sourceTree = "<group>";
		};
		600F7E5629EEA17D00A52EA1 /* Constants */ = {
			isa = PBXGroup;
			children = (
				600F7E5829EEA1A800A52EA1 /* Colors.swift */,
			);
			path = Constants;
			sourceTree = "<group>";
		};
		600F7E5C29EEA6C100A52EA1 /* Card */ = {
			isa = PBXGroup;
			children = (
				600F7E5A29EEA33700A52EA1 /* CardView.swift */,
			);
			path = Card;
			sourceTree = "<group>";
		};
		600F7E5E29EEA72200A52EA1 /* ActionButtons */ = {
			isa = PBXGroup;
			children = (
				600F7E6129EEAEAE00A52EA1 /* ActionButtonsView.swift */,
			);
			path = ActionButtons;
			sourceTree = "<group>";
		};
		600F7E6529EEAF3000A52EA1 /* Main */ = {
			isa = PBXGroup;
			children = (
				60B455AF29F00F530068C720 /* SplashScreen */,
				600ECBBB29EEF057008A2770 /* Wallet */,
				600F7E6729EEB85900A52EA1 /* Transaction */,
				600F7E6629EEAF3B00A52EA1 /* Home */,
				600F7E5C29EEA6C100A52EA1 /* Card */,
				600F7E5E29EEA72200A52EA1 /* ActionButtons */,
			);
			path = Main;
			sourceTree = "<group>";
		};
		600F7E6629EEAF3B00A52EA1 /* Home */ = {
			isa = PBXGroup;
			children = (
				608CC83329ED427D00EDFCAF /* HomeView.swift */,
			);
			path = Home;
			sourceTree = "<group>";
		};
		600F7E6729EEB85900A52EA1 /* Transaction */ = {
			isa = PBXGroup;
			children = (
				600F7E6829EEB86800A52EA1 /* TransactionView.swift */,
			);
			path = Transaction;
			sourceTree = "<group>";
		};
		608CC81329ED33A900EDFCAF = {
			isa = PBXGroup;
			children = (
				608CC81E29ED33A900EDFCAF /* Cashflow */,
				608CC81D29ED33A900EDFCAF /* Products */,
			);
			sourceTree = "<group>";
		};
		608CC81D29ED33A900EDFCAF /* Products */ = {
			isa = PBXGroup;
			children = (
				608CC81C29ED33A900EDFCAF /* Cashflow.app */,
			);
			name = Products;
			sourceTree = "<group>";
		};
		608CC81E29ED33A900EDFCAF /* Cashflow */ = {
			isa = PBXGroup;
			children = (
				600F7E6529EEAF3000A52EA1 /* Main */,
				600F7E5629EEA17D00A52EA1 /* Constants */,
				608CC82E29ED33CB00EDFCAF /* Core */,
				608CC82D29ED33BF00EDFCAF /* Resources */,
				608CC82529ED33AA00EDFCAF /* Preview Content */,
			);
			path = Cashflow;
			sourceTree = "<group>";
		};
		608CC82529ED33AA00EDFCAF /* Preview Content */ = {
			isa = PBXGroup;
			children = (
				608CC82629ED33AA00EDFCAF /* Preview Assets.xcassets */,
			);
			path = "Preview Content";
			sourceTree = "<group>";
		};
		608CC82D29ED33BF00EDFCAF /* Resources */ = {
			isa = PBXGroup;
			children = (
				608CC82329ED33AA00EDFCAF /* Assets.xcassets */,
			);
			path = Resources;
			sourceTree = "<group>";
		};
		608CC82E29ED33CB00EDFCAF /* Core */ = {
			isa = PBXGroup;
			children = (
				608CC82129ED33A900EDFCAF /* ContentView.swift */,
				608CC81F29ED33A900EDFCAF /* CashflowApp.swift */,
			);
			path = Core;
			sourceTree = "<group>";
		};
		60B455AF29F00F530068C720 /* SplashScreen */ = {
			isa = PBXGroup;
			children = (
				60B455B029F00F680068C720 /* SplashScreen.swift */,
			);
			path = SplashScreen;
			sourceTree = "<group>";
		};
/* End PBXGroup section */

/* Begin PBXNativeTarget section */
		608CC81B29ED33A900EDFCAF /* Cashflow */ = {
			isa = PBXNativeTarget;
			buildConfigurationList = 608CC82A29ED33AA00EDFCAF /* Build configuration list for PBXNativeTarget "Cashflow" */;
			buildPhases = (
				608CC81829ED33A900EDFCAF /* Sources */,
				608CC81929ED33A900EDFCAF /* Frameworks */,
				608CC81A29ED33A900EDFCAF /* Resources */,
			);
			buildRules = (
			);
			dependencies = (
			);
			name = Cashflow;
			productName = Cashflow;
			productReference = 608CC81C29ED33A900EDFCAF /* Cashflow.app */;
			productType = "com.apple.product-type.application";
		};
/* End PBXNativeTarget section */

/* Begin PBXProject section */
		608CC81429ED33A900EDFCAF /* Project object */ = {
			isa = PBXProject;
			attributes = {
				BuildIndependentTargetsInParallel = 1;
				LastSwiftUpdateCheck = 1430;
				LastUpgradeCheck = 1430;
				TargetAttributes = {
					608CC81B29ED33A900EDFCAF = {
						CreatedOnToolsVersion = 14.3;
					};
				};
			};
			buildConfigurationList = 608CC81729ED33A900EDFCAF /* Build configuration list for PBXProject "Cashflow" */;
			compatibilityVersion = "Xcode 14.0";
			developmentRegion = en;
			hasScannedForEncodings = 0;
			knownRegions = (
				en,
				Base,
			);
			mainGroup = 608CC81329ED33A900EDFCAF;
			productRefGroup = 608CC81D29ED33A900EDFCAF /* Products */;
			projectDirPath = "";
			projectRoot = "";
			targets = (
				608CC81B29ED33A900EDFCAF /* Cashflow */,
			);
		};
/* End PBXProject section */

/* Begin PBXResourcesBuildPhase section */
		608CC81A29ED33A900EDFCAF /* Resources */ = {
			isa = PBXResourcesBuildPhase;
			buildActionMask = 2147483647;
			files = (
				608CC82729ED33AA00EDFCAF /* Preview Assets.xcassets in Resources */,
				608CC82429ED33AA00EDFCAF /* Assets.xcassets in Resources */,
			);
			runOnlyForDeploymentPostprocessing = 0;
		};
/* End PBXResourcesBuildPhase section */

/* Begin PBXSourcesBuildPhase section */
		608CC81829ED33A900EDFCAF /* Sources */ = {
			isa = PBXSourcesBuildPhase;
			buildActionMask = 2147483647;
			files = (
				60B455B129F00F680068C720 /* SplashScreen.swift in Sources */,
				608CC83429ED427D00EDFCAF /* HomeView.swift in Sources */,
				600F7E5929EEA1A800A52EA1 /* Colors.swift in Sources */,
				600ECBBF29EEF275008A2770 /* ExpenseView.swift in Sources */,
				600F7E6229EEAEAE00A52EA1 /* ActionButtonsView.swift in Sources */,
				608CC82229ED33A900EDFCAF /* ContentView.swift in Sources */,
				608CC82029ED33A900EDFCAF /* CashflowApp.swift in Sources */,
				600F7E6929EEB86800A52EA1 /* TransactionView.swift in Sources */,
				600F7E5B29EEA33700A52EA1 /* CardView.swift in Sources */,
				600ECBBD29EEF063008A2770 /* WalletView.swift in Sources */,
			);
			runOnlyForDeploymentPostprocessing = 0;
		};
/* End PBXSourcesBuildPhase section */

/* Begin XCBuildConfiguration section */
		608CC82829ED33AA00EDFCAF /* Debug */ = {
			isa = XCBuildConfiguration;
			buildSettings = {
				ALWAYS_SEARCH_USER_PATHS = NO;
				CLANG_ANALYZER_NONNULL = YES;
				CLANG_ANALYZER_NUMBER_OBJECT_CONVERSION = YES_AGGRESSIVE;
				CLANG_CXX_LANGUAGE_STANDARD = "gnu++20";
				CLANG_ENABLE_MODULES = YES;
				CLANG_ENABLE_OBJC_ARC = YES;
				CLANG_ENABLE_OBJC_WEAK = YES;
				CLANG_WARN_BLOCK_CAPTURE_AUTORELEASING = YES;
				CLANG_WARN_BOOL_CONVERSION = YES;
				CLANG_WARN_COMMA = YES;
				CLANG_WARN_CONSTANT_CONVERSION = YES;
				CLANG_WARN_DEPRECATED_OBJC_IMPLEMENTATIONS = YES;
				CLANG_WARN_DIRECT_OBJC_ISA_USAGE = YES_ERROR;
				CLANG_WARN_DOCUMENTATION_COMMENTS = YES;
				CLANG_WARN_EMPTY_BODY = YES;
				CLANG_WARN_ENUM_CONVERSION = YES;
				CLANG_WARN_INFINITE_RECURSION = YES;
				CLANG_WARN_INT_CONVERSION = YES;
				CLANG_WARN_NON_LITERAL_NULL_CONVERSION = YES;
				CLANG_WARN_OBJC_IMPLICIT_RETAIN_SELF = YES;
				CLANG_WARN_OBJC_LITERAL_CONVERSION = YES;
				CLANG_WARN_OBJC_ROOT_CLASS = YES_ERROR;
				CLANG_WARN_QUOTED_INCLUDE_IN_FRAMEWORK_HEADER = YES;
				CLANG_WARN_RANGE_LOOP_ANALYSIS = YES;
				CLANG_WARN_STRICT_PROTOTYPES = YES;
				CLANG_WARN_SUSPICIOUS_MOVE = YES;
				CLANG_WARN_UNGUARDED_AVAILABILITY = YES_AGGRESSIVE;
				CLANG_WARN_UNREACHABLE_CODE = YES;
				CLANG_WARN__DUPLICATE_METHOD_MATCH = YES;
				COPY_PHASE_STRIP = NO;
				DEBUG_INFORMATION_FORMAT = dwarf;
				ENABLE_STRICT_OBJC_MSGSEND = YES;
				ENABLE_TESTABILITY = YES;
				GCC_C_LANGUAGE_STANDARD = gnu11;
				GCC_DYNAMIC_NO_PIC = NO;
				GCC_NO_COMMON_BLOCKS = YES;
				GCC_OPTIMIZATION_LEVEL = 0;
				GCC_PREPROCESSOR_DEFINITIONS = (
					"DEBUG=1",
					"$(inherited)",
				);
				GCC_WARN_64_TO_32_BIT_CONVERSION = YES;
				GCC_WARN_ABOUT_RETURN_TYPE = YES_ERROR;
				GCC_WARN_UNDECLARED_SELECTOR = YES;
				GCC_WARN_UNINITIALIZED_AUTOS = YES_AGGRESSIVE;
				GCC_WARN_UNUSED_FUNCTION = YES;
				GCC_WARN_UNUSED_VARIABLE = YES;
				IPHONEOS_DEPLOYMENT_TARGET = 16.4;
				MTL_ENABLE_DEBUG_INFO = INCLUDE_SOURCE;
				MTL_FAST_MATH = YES;
				ONLY_ACTIVE_ARCH = YES;
				SDKROOT = iphoneos;
				SWIFT_ACTIVE_COMPILATION_CONDITIONS = DEBUG;
				SWIFT_OPTIMIZATION_LEVEL = "-Onone";
			};
			name = Debug;
		};
		608CC82929ED33AA00EDFCAF /* Release */ = {
			isa = XCBuildConfiguration;
			buildSettings = {
				ALWAYS_SEARCH_USER_PATHS = NO;
				CLANG_ANALYZER_NONNULL = YES;
				CLANG_ANALYZER_NUMBER_OBJECT_CONVERSION = YES_AGGRESSIVE;
				CLANG_CXX_LANGUAGE_STANDARD = "gnu++20";
				CLANG_ENABLE_MODULES = YES;
				CLANG_ENABLE_OBJC_ARC = YES;
				CLANG_ENABLE_OBJC_WEAK = YES;
				CLANG_WARN_BLOCK_CAPTURE_AUTORELEASING = YES;
				CLANG_WARN_BOOL_CONVERSION = YES;
				CLANG_WARN_COMMA = YES;
				CLANG_WARN_CONSTANT_CONVERSION = YES;
				CLANG_WARN_DEPRECATED_OBJC_IMPLEMENTATIONS = YES;
				CLANG_WARN_DIRECT_OBJC_ISA_USAGE = YES_ERROR;
				CLANG_WARN_DOCUMENTATION_COMMENTS = YES;
				CLANG_WARN_EMPTY_BODY = YES;
				CLANG_WARN_ENUM_CONVERSION = YES;
				CLANG_WARN_INFINITE_RECURSION = YES;
				CLANG_WARN_INT_CONVERSION = YES;
				CLANG_WARN_NON_LITERAL_NULL_CONVERSION = YES;
				CLANG_WARN_OBJC_IMPLICIT_RETAIN_SELF = YES;
				CLANG_WARN_OBJC_LITERAL_CONVERSION = YES;
				CLANG_WARN_OBJC_ROOT_CLASS = YES_ERROR;
				CLANG_WARN_QUOTED_INCLUDE_IN_FRAMEWORK_HEADER = YES;
				CLANG_WARN_RANGE_LOOP_ANALYSIS = YES;
				CLANG_WARN_STRICT_PROTOTYPES = YES;
				CLANG_WARN_SUSPICIOUS_MOVE = YES;
				CLANG_WARN_UNGUARDED_AVAILABILITY = YES_AGGRESSIVE;
				CLANG_WARN_UNREACHABLE_CODE = YES;
				CLANG_WARN__DUPLICATE_METHOD_MATCH = YES;
				COPY_PHASE_STRIP = NO;
				DEBUG_INFORMATION_FORMAT = "dwarf-with-dsym";
				ENABLE_NS_ASSERTIONS = NO;
				ENABLE_STRICT_OBJC_MSGSEND = YES;
				GCC_C_LANGUAGE_STANDARD = gnu11;
				GCC_NO_COMMON_BLOCKS = YES;
				GCC_WARN_64_TO_32_BIT_CONVERSION = YES;
				GCC_WARN_ABOUT_RETURN_TYPE = YES_ERROR;
				GCC_WARN_UNDECLARED_SELECTOR = YES;
				GCC_WARN_UNINITIALIZED_AUTOS = YES_AGGRESSIVE;
				GCC_WARN_UNUSED_FUNCTION = YES;
				GCC_WARN_UNUSED_VARIABLE = YES;
				IPHONEOS_DEPLOYMENT_TARGET = 16.4;
				MTL_ENABLE_DEBUG_INFO = NO;
				MTL_FAST_MATH = YES;
				SDKROOT = iphoneos;
				SWIFT_COMPILATION_MODE = wholemodule;
				SWIFT_OPTIMIZATION_LEVEL = "-O";
				VALIDATE_PRODUCT = YES;
			};
			name = Release;
		};
		608CC82B29ED33AA00EDFCAF /* Debug */ = {
			isa = XCBuildConfiguration;
			buildSettings = {
				ASSETCATALOG_COMPILER_APPICON_NAME = AppIcon;
				ASSETCATALOG_COMPILER_GLOBAL_ACCENT_COLOR_NAME = AccentColor;
				CODE_SIGN_STYLE = Automatic;
				CURRENT_PROJECT_VERSION = 1;
				DEVELOPMENT_ASSET_PATHS = "\"Cashflow/Preview Content\"";
				DEVELOPMENT_TEAM = TFV5399V38;
				ENABLE_PREVIEWS = YES;
				GENERATE_INFOPLIST_FILE = YES;
				INFOPLIST_KEY_UIApplicationSceneManifest_Generation = YES;
				INFOPLIST_KEY_UIApplicationSupportsIndirectInputEvents = YES;
				INFOPLIST_KEY_UILaunchScreen_Generation = YES;
				INFOPLIST_KEY_UISupportedInterfaceOrientations_iPad = "UIInterfaceOrientationPortrait UIInterfaceOrientationPortraitUpsideDown UIInterfaceOrientationLandscapeLeft UIInterfaceOrientationLandscapeRight";
				INFOPLIST_KEY_UISupportedInterfaceOrientations_iPhone = "UIInterfaceOrientationPortrait UIInterfaceOrientationLandscapeLeft UIInterfaceOrientationLandscapeRight";
				LD_RUNPATH_SEARCH_PATHS = (
					"$(inherited)",
					"@executable_path/Frameworks",
				);
				MARKETING_VERSION = 1.0;
				PRODUCT_BUNDLE_IDENTIFIER = "simgeeatlihan-gmail.com.Cashflow";
				PRODUCT_NAME = "$(TARGET_NAME)";
				SWIFT_EMIT_LOC_STRINGS = YES;
				SWIFT_VERSION = 5.0;
				TARGETED_DEVICE_FAMILY = "1,2";
			};
			name = Debug;
		};
		608CC82C29ED33AA00EDFCAF /* Release */ = {
			isa = XCBuildConfiguration;
			buildSettings = {
				ASSETCATALOG_COMPILER_APPICON_NAME = AppIcon;
				ASSETCATALOG_COMPILER_GLOBAL_ACCENT_COLOR_NAME = AccentColor;
				CODE_SIGN_STYLE = Automatic;
				CURRENT_PROJECT_VERSION = 1;
				DEVELOPMENT_ASSET_PATHS = "\"Cashflow/Preview Content\"";
				DEVELOPMENT_TEAM = TFV5399V38;
				ENABLE_PREVIEWS = YES;
				GENERATE_INFOPLIST_FILE = YES;
				INFOPLIST_KEY_UIApplicationSceneManifest_Generation = YES;
				INFOPLIST_KEY_UIApplicationSupportsIndirectInputEvents = YES;
				INFOPLIST_KEY_UILaunchScreen_Generation = YES;
				INFOPLIST_KEY_UISupportedInterfaceOrientations_iPad = "UIInterfaceOrientationPortrait UIInterfaceOrientationPortraitUpsideDown UIInterfaceOrientationLandscapeLeft UIInterfaceOrientationLandscapeRight";
				INFOPLIST_KEY_UISupportedInterfaceOrientations_iPhone = "UIInterfaceOrientationPortrait UIInterfaceOrientationLandscapeLeft UIInterfaceOrientationLandscapeRight";
				LD_RUNPATH_SEARCH_PATHS = (
					"$(inherited)",
					"@executable_path/Frameworks",
				);
				MARKETING_VERSION = 1.0;
				PRODUCT_BUNDLE_IDENTIFIER = "simgeeatlihan-gmail.com.Cashflow";
				PRODUCT_NAME = "$(TARGET_NAME)";
				SWIFT_EMIT_LOC_STRINGS = YES;
				SWIFT_VERSION = 5.0;
				TARGETED_DEVICE_FAMILY = "1,2";
			};
			name = Release;
		};
/* End XCBuildConfiguration section */

/* Begin XCConfigurationList section */
		608CC81729ED33A900EDFCAF /* Build configuration list for PBXProject "Cashflow" */ = {
			isa = XCConfigurationList;
			buildConfigurations = (
				608CC82829ED33AA00EDFCAF /* Debug */,
				608CC82929ED33AA00EDFCAF /* Release */,
			);
			defaultConfigurationIsVisible = 0;
			defaultConfigurationName = Release;
		};
		608CC82A29ED33AA00EDFCAF /* Build configuration list for PBXNativeTarget "Cashflow" */ = {
			isa = XCConfigurationList;
			buildConfigurations = (
				608CC82B29ED33AA00EDFCAF /* Debug */,
				608CC82C29ED33AA00EDFCAF /* Release */,
			);
			defaultConfigurationIsVisible = 0;
			defaultConfigurationName = Release;
		};
/* End XCConfigurationList section */
	};
	rootObject = 608CC81429ED33A900EDFCAF /* Project object */;
}
